
Microsoft Visual Studio Solution File, Format Version 12.00
# Visual Studio 2013
VisualStudioVersion = 12.0.30723.0
MinimumVisualStudioVersion = 10.0.40219.1
Project("{FAE04EC0-301F-11D3-BF4B-00C04F79EFBC}") = "Freshdesk", "Freshdesk\Freshdesk.csproj", "{FDA1D9EB-3D52-460C-86DF-CE9747C20320}"
EndProject
Project("{FAE04EC0-301F-11D3-BF4B-00C04F79EFBC}") = "Freshdesk.Tests", "Freshdesk.Tests\Freshdesk.Tests.csproj", "{49D6E7C7-4038-443A-82F6-60B10B79B5E8}"
EndProject
Global
	GlobalSection(SolutionConfigurationPlatforms) = preSolution
		Debug|Any CPU = Debug|Any CPU
		Release|Any CPU = Release|Any CPU
	EndGlobalSection
	GlobalSection(ProjectConfigurationPlatforms) = postSolution
		{FDA1D9EB-3D52-460C-86DF-CE9747C20320}.Debug|Any CPU.ActiveCfg = Debug|Any CPU
		{FDA1D9EB-3D52-460C-86DF-CE9747C20320}.Debug|Any CPU.Build.0 = Debug|Any CPU
		{FDA1D9EB-3D52-460C-86DF-CE9747C20320}.Release|Any CPU.ActiveCfg = Release|Any CPU
		{FDA1D9EB-3D52-460C-86DF-CE9747C20320}.Release|Any CPU.Build.0 = Release|Any CPU
		{49D6E7C7-4038-443A-82F6-60B10B79B5E8}.Debug|Any CPU.ActiveCfg = Debug|Any CPU
		{49D6E7C7-4038-443A-82F6-60B10B79B5E8}.Debug|Any CPU.Build.0 = Debug|Any CPU
		{49D6E7C7-4038-443A-82F6-60B10B79B5E8}.Release|Any CPU.ActiveCfg = Release|Any CPU
		{49D6E7C7-4038-443A-82F6-60B10B79B5E8}.Release|Any CPU.Build.0 = Release|Any CPU
	EndGlobalSection
	GlobalSection(SolutionProperties) = preSolution
		HideSolutionNode = FALSE
	EndGlobalSection
EndGlobal
